// !$*UTF8*$!
{
	archiveVersion = 1;
	classes = {
	};
	objectVersion = 50;
	objects = {

/* Begin PBXBuildFile section */
		42271DC9249A26DC0047C382 /* AppDelegate.swift in Sources */ = {isa = PBXBuildFile; fileRef = 42271DC8249A26DC0047C382 /* AppDelegate.swift */; };
		42271DCB249A26DC0047C382 /* SceneDelegate.swift in Sources */ = {isa = PBXBuildFile; fileRef = 42271DCA249A26DC0047C382 /* SceneDelegate.swift */; };
		42271DCD249A26DC0047C382 /* ContentView.swift in Sources */ = {isa = PBXBuildFile; fileRef = 42271DCC249A26DC0047C382 /* ContentView.swift */; };
		42271DCF249A26DF0047C382 /* Assets.xcassets in Resources */ = {isa = PBXBuildFile; fileRef = 42271DCE249A26DF0047C382 /* Assets.xcassets */; };
		42271DD2249A26DF0047C382 /* Preview Assets.xcassets in Resources */ = {isa = PBXBuildFile; fileRef = 42271DD1249A26DF0047C382 /* Preview Assets.xcassets */; };
		42271DD5249A26DF0047C382 /* LaunchScreen.storyboard in Resources */ = {isa = PBXBuildFile; fileRef = 42271DD3249A26DF0047C382 /* LaunchScreen.storyboard */; };
		42271DDD249AD9AA0047C382 /* MapView.swift in Sources */ = {isa = PBXBuildFile; fileRef = 42271DDC249AD9AA0047C382 /* MapView.swift */; };
		42271DDF249ADFAF0047C382 /* MKPointAnnotation-ObservableObject.swift in Sources */ = {isa = PBXBuildFile; fileRef = 42271DDE249ADFAF0047C382 /* MKPointAnnotation-ObservableObject.swift */; };
		42271DE1249ADFE30047C382 /* EditView.swift in Sources */ = {isa = PBXBuildFile; fileRef = 42271DE0249ADFE30047C382 /* EditView.swift */; };
		4242B3F1249C789A004E444D /* Result.swift in Sources */ = {isa = PBXBuildFile; fileRef = 4242B3F0249C7899004E444D /* Result.swift */; };
		4242B3F3249C86FC004E444D /* MKPointAnnotation-Codable.swift in Sources */ = {isa = PBXBuildFile; fileRef = 4242B3F2249C86FC004E444D /* MKPointAnnotation-Codable.swift */; };
/* End PBXBuildFile section */

/* Begin PBXFileReference section */
		42271DC5249A26DC0047C382 /* BucketList.app */ = {isa = PBXFileReference; explicitFileType = wrapper.application; includeInIndex = 0; path = BucketList.app; sourceTree = BUILT_PRODUCTS_DIR; };
		42271DC8249A26DC0047C382 /* AppDelegate.swift */ = {isa = PBXFileReference; lastKnownFileType = sourcecode.swift; path = AppDelegate.swift; sourceTree = "<group>"; };
		42271DCA249A26DC0047C382 /* SceneDelegate.swift */ = {isa = PBXFileReference; lastKnownFileType = sourcecode.swift; path = SceneDelegate.swift; sourceTree = "<group>"; };
		42271DCC249A26DC0047C382 /* ContentView.swift */ = {isa = PBXFileReference; lastKnownFileType = sourcecode.swift; path = ContentView.swift; sourceTree = "<group>"; };
		42271DCE249A26DF0047C382 /* Assets.xcassets */ = {isa = PBXFileReference; lastKnownFileType = folder.assetcatalog; path = Assets.xcassets; sourceTree = "<group>"; };
		42271DD1249A26DF0047C382 /* Preview Assets.xcassets */ = {isa = PBXFileReference; lastKnownFileType = folder.assetcatalog; path = "Preview Assets.xcassets"; sourceTree = "<group>"; };
		42271DD4249A26DF0047C382 /* Base */ = {isa = PBXFileReference; lastKnownFileType = file.storyboard; name = Base; path = Base.lproj/LaunchScreen.storyboard; sourceTree = "<group>"; };
		42271DD6249A26DF0047C382 /* Info.plist */ = {isa = PBXFileReference; lastKnownFileType = text.plist.xml; path = Info.plist; sourceTree = "<group>"; };
		42271DDC249AD9AA0047C382 /* MapView.swift */ = {isa = PBXFileReference; lastKnownFileType = sourcecode.swift; path = MapView.swift; sourceTree = "<group>"; };
		42271DDE249ADFAF0047C382 /* MKPointAnnotation-ObservableObject.swift */ = {isa = PBXFileReference; lastKnownFileType = sourcecode.swift; path = "MKPointAnnotation-ObservableObject.swift"; sourceTree = "<group>"; };
		42271DE0249ADFE30047C382 /* EditView.swift */ = {isa = PBXFileReference; lastKnownFileType = sourcecode.swift; path = EditView.swift; sourceTree = "<group>"; };
		4242B3F0249C7899004E444D /* Result.swift */ = {isa = PBXFileReference; lastKnownFileType = sourcecode.swift; path = Result.swift; sourceTree = "<group>"; };
		4242B3F2249C86FC004E444D /* MKPointAnnotation-Codable.swift */ = {isa = PBXFileReference; lastKnownFileType = sourcecode.swift; path = "MKPointAnnotation-Codable.swift"; sourceTree = "<group>"; };
/* End PBXFileReference section */

/* Begin PBXFrameworksBuildPhase section */
		42271DC2249A26DC0047C382 /* Frameworks */ = {
			isa = PBXFrameworksBuildPhase;
			buildActionMask = 2147483647;
			files = (
			);
			runOnlyForDeploymentPostprocessing = 0;
		};
/* End PBXFrameworksBuildPhase section */

/* Begin PBXGroup section */
		42271DBC249A26DC0047C382 = {
			isa = PBXGroup;
			children = (
				42271DC7249A26DC0047C382 /* BucketList */,
				42271DC6249A26DC0047C382 /* Products */,
			);
			sourceTree = "<group>";
		};
		42271DC6249A26DC0047C382 /* Products */ = {
			isa = PBXGroup;
			children = (
				42271DC5249A26DC0047C382 /* BucketList.app */,
			);
			name = Products;
			sourceTree = "<group>";
		};
		42271DC7249A26DC0047C382 /* BucketList */ = {
			isa = PBXGroup;
			children = (
				42271DC8249A26DC0047C382 /* AppDelegate.swift */,
				42271DCA249A26DC0047C382 /* SceneDelegate.swift */,
				42271DCC249A26DC0047C382 /* ContentView.swift */,
				42271DE0249ADFE30047C382 /* EditView.swift */,
				4242B3F0249C7899004E444D /* Result.swift */,
				42271DDC249AD9AA0047C382 /* MapView.swift */,
				42271DDE249ADFAF0047C382 /* MKPointAnnotation-ObservableObject.swift */,
				4242B3F2249C86FC004E444D /* MKPointAnnotation-Codable.swift */,
				42271DCE249A26DF0047C382 /* Assets.xcassets */,
				42271DD3249A26DF0047C382 /* LaunchScreen.storyboard */,
				42271DD6249A26DF0047C382 /* Info.plist */,
				42271DD0249A26DF0047C382 /* Preview Content */,
			);
			path = BucketList;
			sourceTree = "<group>";
		};
		42271DD0249A26DF0047C382 /* Preview Content */ = {
			isa = PBXGroup;
			children = (
				42271DD1249A26DF0047C382 /* Preview Assets.xcassets */,
			);
			path = "Preview Content";
			sourceTree = "<group>";
		};
/* End PBXGroup section */

/* Begin PBXNativeTarget section */
		42271DC4249A26DC0047C382 /* BucketList */ = {
			isa = PBXNativeTarget;
			buildConfigurationList = 42271DD9249A26DF0047C382 /* Build configuration list for PBXNativeTarget "BucketList" */;
			buildPhases = (
				42271DC1249A26DC0047C382 /* Sources */,
				42271DC2249A26DC0047C382 /* Frameworks */,
				42271DC3249A26DC0047C382 /* Resources */,
			);
			buildRules = (
			);
			dependencies = (
			);
			name = BucketList;
			productName = BucketList;
			productReference = 42271DC5249A26DC0047C382 /* BucketList.app */;
			productType = "com.apple.product-type.application";
		};
/* End PBXNativeTarget section */

/* Begin PBXProject section */
		42271DBD249A26DC0047C382 /* Project object */ = {
			isa = PBXProject;
			attributes = {
				LastSwiftUpdateCheck = 1150;
				LastUpgradeCheck = 1150;
				ORGANIZATIONNAME = "Austin Carpenter";
				TargetAttributes = {
					42271DC4249A26DC0047C382 = {
						CreatedOnToolsVersion = 11.5;
					};
				};
			};
			buildConfigurationList = 42271DC0249A26DC0047C382 /* Build configuration list for PBXProject "BucketList" */;
			compatibilityVersion = "Xcode 9.3";
			developmentRegion = en;
			hasScannedForEncodings = 0;
			knownRegions = (
				en,
				Base,
			);
			mainGroup = 42271DBC249A26DC0047C382;
			productRefGroup = 42271DC6249A26DC0047C382 /* Products */;
			projectDirPath = "";
			projectRoot = "";
			targets = (
				42271DC4249A26DC0047C382 /* BucketList */,
			);
		};
/* End PBXProject section */

/* Begin PBXResourcesBuildPhase section */
		42271DC3249A26DC0047C382 /* Resources */ = {
			isa = PBXResourcesBuildPhase;
			buildActionMask = 2147483647;
			files = (
				42271DD5249A26DF0047C382 /* LaunchScreen.storyboard in Resources */,
				42271DD2249A26DF0047C382 /* Preview Assets.xcassets in Resources */,
				42271DCF249A26DF0047C382 /* Assets.xcassets in Resources */,
			);
			runOnlyForDeploymentPostprocessing = 0;
		};
/* End PBXResourcesBuildPhase section */

/* Begin PBXSourcesBuildPhase section */
		42271DC1249A26DC0047C382 /* Sources */ = {
			isa = PBXSourcesBuildPhase;
			buildActionMask = 2147483647;
			files = (
				42271DC9249A26DC0047C382 /* AppDelegate.swift in Sources */,
				42271DDD249AD9AA0047C382 /* MapView.swift in Sources */,
				42271DE1249ADFE30047C382 /* EditView.swift in Sources */,
				42271DCB249A26DC0047C382 /* SceneDelegate.swift in Sources */,
				4242B3F1249C789A004E444D /* Result.swift in Sources */,
				42271DDF249ADFAF0047C382 /* MKPointAnnotation-ObservableObject.swift in Sources */,
				4242B3F3249C86FC004E444D /* MKPointAnnotation-Codable.swift in Sources */,
				42271DCD249A26DC0047C382 /* ContentView.swift in Sources */,
			);
			runOnlyForDeploymentPostprocessing = 0;
		};
/* End PBXSourcesBuildPhase section */

/* Begin PBXVariantGroup section */
		42271DD3249A26DF0047C382 /* LaunchScreen.storyboard */ = {
			isa = PBXVariantGroup;
			children = (
				42271DD4249A26DF0047C382 /* Base */,
			);
			name = LaunchScreen.storyboard;
			sourceTree = "<group>";
		};
/* End PBXVariantGroup section */

/* Begin XCBuildConfiguration section */
		42271DD7249A26DF0047C382 /* Debug */ = {
			isa = XCBuildConfiguration;
			buildSettings = {
				ALWAYS_SEARCH_USER_PATHS = NO;
				CLANG_ANALYZER_NONNULL = YES;
				CLANG_ANALYZER_NUMBER_OBJECT_CONVERSION = YES_AGGRESSIVE;
				CLANG_CXX_LANGUAGE_STANDARD = "gnu++14";
				CLANG_CXX_LIBRARY = "libc++";
				CLANG_ENABLE_MODULES = YES;
				CLANG_ENABLE_OBJC_ARC = YES;
				CLANG_ENABLE_OBJC_WEAK = YES;
				CLANG_WARN_BLOCK_CAPTURE_AUTORELEASING = YES;
				CLANG_WARN_BOOL_CONVERSION = YES;
				CLANG_WARN_COMMA = YES;
				CLANG_WARN_CONSTANT_CONVERSION = YES;
				CLANG_WARN_DEPRECATED_OBJC_IMPLEMENTATIONS = YES;
				CLANG_WARN_DIRECT_OBJC_ISA_USAGE = YES_ERROR;
				CLANG_WARN_DOCUMENTATION_COMMENTS = YES;
				CLANG_WARN_EMPTY_BODY = YES;
				CLANG_WARN_ENUM_CONVERSION = YES;
				CLANG_WARN_INFINITE_RECURSION = YES;
				CLANG_WARN_INT_CONVERSION = YES;
				CLANG_WARN_NON_LITERAL_NULL_CONVERSION = YES;
				CLANG_WARN_OBJC_IMPLICIT_RETAIN_SELF = YES;
				CLANG_WARN_OBJC_LITERAL_CONVERSION = YES;
				CLANG_WARN_OBJC_ROOT_CLASS = YES_ERROR;
				CLANG_WARN_RANGE_LOOP_ANALYSIS = YES;
				CLANG_WARN_STRICT_PROTOTYPES = YES;
				CLANG_WARN_SUSPICIOUS_MOVE = YES;
				CLANG_WARN_UNGUARDED_AVAILABILITY = YES_AGGRESSIVE;
				CLANG_WARN_UNREACHABLE_CODE = YES;
				CLANG_WARN__DUPLICATE_METHOD_MATCH = YES;
				COPY_PHASE_STRIP = NO;
				DEBUG_INFORMATION_FORMAT = dwarf;
				ENABLE_STRICT_OBJC_MSGSEND = YES;
				ENABLE_TESTABILITY = YES;
				GCC_C_LANGUAGE_STANDARD = gnu11;
				GCC_DYNAMIC_NO_PIC = NO;
				GCC_NO_COMMON_BLOCKS = YES;
				GCC_OPTIMIZATION_LEVEL = 0;
				GCC_PREPROCESSOR_DEFINITIONS = (
					"DEBUG=1",
					"$(inherited)",
				);
				GCC_WARN_64_TO_32_BIT_CONVERSION = YES;
				GCC_WARN_ABOUT_RETURN_TYPE = YES_ERROR;
				GCC_WARN_UNDECLARED_SELECTOR = YES;
				GCC_WARN_UNINITIALIZED_AUTOS = YES_AGGRESSIVE;
				GCC_WARN_UNUSED_FUNCTION = YES;
				GCC_WARN_UNUSED_VARIABLE = YES;
				IPHONEOS_DEPLOYMENT_TARGET = 13.5;
				MTL_ENABLE_DEBUG_INFO = INCLUDE_SOURCE;
				MTL_FAST_MATH = YES;
				ONLY_ACTIVE_ARCH = YES;
				SDKROOT = iphoneos;
				SWIFT_ACTIVE_COMPILATION_CONDITIONS = DEBUG;
				SWIFT_OPTIMIZATION_LEVEL = "-Onone";
			};
			name = Debug;
		};
		42271DD8249A26DF0047C382 /* Release */ = {
			isa = XCBuildConfiguration;
			buildSettings = {
				ALWAYS_SEARCH_USER_PATHS = NO;
				CLANG_ANALYZER_NONNULL = YES;
				CLANG_ANALYZER_NUMBER_OBJECT_CONVERSION = YES_AGGRESSIVE;
				CLANG_CXX_LANGUAGE_STANDARD = "gnu++14";
				CLANG_CXX_LIBRARY = "libc++";
				CLANG_ENABLE_MODULES = YES;
				CLANG_ENABLE_OBJC_ARC = YES;
				CLANG_ENABLE_OBJC_WEAK = YES;
				CLANG_WARN_BLOCK_CAPTURE_AUTORELEASING = YES;
				CLANG_WARN_BOOL_CONVERSION = YES;
				CLANG_WARN_COMMA = YES;
				CLANG_WARN_CONSTANT_CONVERSION = YES;
				CLANG_WARN_DEPRECATED_OBJC_IMPLEMENTATIONS = YES;
				CLANG_WARN_DIRECT_OBJC_ISA_USAGE = YES_ERROR;
				CLANG_WARN_DOCUMENTATION_COMMENTS = YES;
				CLANG_WARN_EMPTY_BODY = YES;
				CLANG_WARN_ENUM_CONVERSION = YES;
				CLANG_WARN_INFINITE_RECURSION = YES;
				CLANG_WARN_INT_CONVERSION = YES;
				CLANG_WARN_NON_LITERAL_NULL_CONVERSION = YES;
				CLANG_WARN_OBJC_IMPLICIT_RETAIN_SELF = YES;
				CLANG_WARN_OBJC_LITERAL_CONVERSION = YES;
				CLANG_WARN_OBJC_ROOT_CLASS = YES_ERROR;
				CLANG_WARN_RANGE_LOOP_ANALYSIS = YES;
				CLANG_WARN_STRICT_PROTOTYPES = YES;
				CLANG_WARN_SUSPICIOUS_MOVE = YES;
				CLANG_WARN_UNGUARDED_AVAILABILITY = YES_AGGRESSIVE;
				CLANG_WARN_UNREACHABLE_CODE = YES;
				CLANG_WARN__DUPLICATE_METHOD_MATCH = YES;
				COPY_PHASE_STRIP = NO;
				DEBUG_INFORMATION_FORMAT = "dwarf-with-dsym";
				ENABLE_NS_ASSERTIONS = NO;
				ENABLE_STRICT_OBJC_MSGSEND = YES;
				GCC_C_LANGUAGE_STANDARD = gnu11;
				GCC_NO_COMMON_BLOCKS = YES;
				GCC_WARN_64_TO_32_BIT_CONVERSION = YES;
				GCC_WARN_ABOUT_RETURN_TYPE = YES_ERROR;
				GCC_WARN_UNDECLARED_SELECTOR = YES;
				GCC_WARN_UNINITIALIZED_AUTOS = YES_AGGRESSIVE;
				GCC_WARN_UNUSED_FUNCTION = YES;
				GCC_WARN_UNUSED_VARIABLE = YES;
				IPHONEOS_DEPLOYMENT_TARGET = 13.5;
				MTL_ENABLE_DEBUG_INFO = NO;
				MTL_FAST_MATH = YES;
				SDKROOT = iphoneos;
				SWIFT_COMPILATION_MODE = wholemodule;
				SWIFT_OPTIMIZATION_LEVEL = "-O";
				VALIDATE_PRODUCT = YES;
			};
			name = Release;
		};
		42271DDA249A26DF0047C382 /* Debug */ = {
			isa = XCBuildConfiguration;
			buildSettings = {
				ASSETCATALOG_COMPILER_APPICON_NAME = AppIcon;
				CODE_SIGN_STYLE = Automatic;
				DEVELOPMENT_ASSET_PATHS = "\"BucketList/Preview Content\"";
				DEVELOPMENT_TEAM = 5STSBU356J;
				ENABLE_PREVIEWS = YES;
				INFOPLIST_FILE = BucketList/Info.plist;
				LD_RUNPATH_SEARCH_PATHS = (
					"$(inherited)",
					"@executable_path/Frameworks",
				);
				PRODUCT_BUNDLE_IDENTIFIER = com.austincarpenter.BucketList;
				PRODUCT_NAME = "$(TARGET_NAME)";
				SWIFT_VERSION = 5.0;
				TARGETED_DEVICE_FAMILY = "1,2";
			};
			name = Debug;
		};
		42271DDB249A26DF0047C382 /* Release */ = {
			isa = XCBuildConfiguration;
			buildSettings = {
				ASSETCATALOG_COMPILER_APPICON_NAME = AppIcon;
				CODE_SIGN_STYLE = Automatic;
				DEVELOPMENT_ASSET_PATHS = "\"BucketList/Preview Content\"";
				DEVELOPMENT_TEAM = 5STSBU356J;
				ENABLE_PREVIEWS = YES;
				INFOPLIST_FILE = BucketList/Info.plist;
				LD_RUNPATH_SEARCH_PATHS = (
					"$(inherited)",
					"@executable_path/Frameworks",
				);
				PRODUCT_BUNDLE_IDENTIFIER = com.austincarpenter.BucketList;
				PRODUCT_NAME = "$(TARGET_NAME)";
				SWIFT_VERSION = 5.0;
				TARGETED_DEVICE_FAMILY = "1,2";
			};
			name = Release;
		};
/* End XCBuildConfiguration section */

/* Begin XCConfigurationList section */
		42271DC0249A26DC0047C382 /* Build configuration list for PBXProject "BucketList" */ = {
			isa = XCConfigurationList;
			buildConfigurations = (
				42271DD7249A26DF0047C382 /* Debug */,
				42271DD8249A26DF0047C382 /* Release */,
			);
			defaultConfigurationIsVisible = 0;
			defaultConfigurationName = Release;
		};
		42271DD9249A26DF0047C382 /* Build configuration list for PBXNativeTarget "BucketList" */ = {
			isa = XCConfigurationList;
			buildConfigurations = (
				42271DDA249A26DF0047C382 /* Debug */,
				42271DDB249A26DF0047C382 /* Release */,
			);
			defaultConfigurationIsVisible = 0;
			defaultConfigurationName = Release;
		};
/* End XCConfigurationList section */
	};
	rootObject = 42271DBD249A26DC0047C382 /* Project object */;
}
