// !$*UTF8*$!
{
	archiveVersion = 1;
	classes = {
	};
	objectVersion = 50;
	objects = {

/* Begin PBXBuildFile section */
		42ADD7962490678D00256120 /* AppDelegate.swift in Sources */ = {isa = PBXBuildFile; fileRef = 42ADD7952490678D00256120 /* AppDelegate.swift */; };
		42ADD7982490678D00256120 /* SceneDelegate.swift in Sources */ = {isa = PBXBuildFile; fileRef = 42ADD7972490678D00256120 /* SceneDelegate.swift */; };
		42ADD79B2490678D00256120 /* Bookworm.xcdatamodeld in Sources */ = {isa = PBXBuildFile; fileRef = 42ADD7992490678D00256120 /* Bookworm.xcdatamodeld */; };
		42ADD79D2490678D00256120 /* ContentView.swift in Sources */ = {isa = PBXBuildFile; fileRef = 42ADD79C2490678D00256120 /* ContentView.swift */; };
		42ADD79F2490678D00256120 /* Assets.xcassets in Resources */ = {isa = PBXBuildFile; fileRef = 42ADD79E2490678D00256120 /* Assets.xcassets */; };
		42ADD7A22490678D00256120 /* Preview Assets.xcassets in Resources */ = {isa = PBXBuildFile; fileRef = 42ADD7A12490678D00256120 /* Preview Assets.xcassets */; };
		42ADD7A52490678D00256120 /* LaunchScreen.storyboard in Resources */ = {isa = PBXBuildFile; fileRef = 42ADD7A32490678D00256120 /* LaunchScreen.storyboard */; };
		42ADD7AD24906D9E00256120 /* AddBookView.swift in Sources */ = {isa = PBXBuildFile; fileRef = 42ADD7AC24906D9E00256120 /* AddBookView.swift */; };
		42ADD7AF2490946A00256120 /* RatingView.swift in Sources */ = {isa = PBXBuildFile; fileRef = 42ADD7AE2490946A00256120 /* RatingView.swift */; };
		42ADD7B1249095B900256120 /* EmojiRatingView.swift in Sources */ = {isa = PBXBuildFile; fileRef = 42ADD7B0249095B900256120 /* EmojiRatingView.swift */; };
		42ADD7B3249096E500256120 /* DetailView.swift in Sources */ = {isa = PBXBuildFile; fileRef = 42ADD7B2249096E500256120 /* DetailView.swift */; };
/* End PBXBuildFile section */

/* Begin PBXFileReference section */
		42ADD7922490678D00256120 /* Bookworm.app */ = {isa = PBXFileReference; explicitFileType = wrapper.application; includeInIndex = 0; path = Bookworm.app; sourceTree = BUILT_PRODUCTS_DIR; };
		42ADD7952490678D00256120 /* AppDelegate.swift */ = {isa = PBXFileReference; lastKnownFileType = sourcecode.swift; path = AppDelegate.swift; sourceTree = "<group>"; };
		42ADD7972490678D00256120 /* SceneDelegate.swift */ = {isa = PBXFileReference; lastKnownFileType = sourcecode.swift; path = SceneDelegate.swift; sourceTree = "<group>"; };
		42ADD79A2490678D00256120 /* Bookworm.xcdatamodel */ = {isa = PBXFileReference; lastKnownFileType = wrapper.xcdatamodel; path = Bookworm.xcdatamodel; sourceTree = "<group>"; };
		42ADD79C2490678D00256120 /* ContentView.swift */ = {isa = PBXFileReference; lastKnownFileType = sourcecode.swift; path = ContentView.swift; sourceTree = "<group>"; };
		42ADD79E2490678D00256120 /* Assets.xcassets */ = {isa = PBXFileReference; lastKnownFileType = folder.assetcatalog; path = Assets.xcassets; sourceTree = "<group>"; };
		42ADD7A12490678D00256120 /* Preview Assets.xcassets */ = {isa = PBXFileReference; lastKnownFileType = folder.assetcatalog; path = "Preview Assets.xcassets"; sourceTree = "<group>"; };
		42ADD7A42490678D00256120 /* Base */ = {isa = PBXFileReference; lastKnownFileType = file.storyboard; name = Base; path = Base.lproj/LaunchScreen.storyboard; sourceTree = "<group>"; };
		42ADD7A62490678D00256120 /* Info.plist */ = {isa = PBXFileReference; lastKnownFileType = text.plist.xml; path = Info.plist; sourceTree = "<group>"; };
		42ADD7AC24906D9E00256120 /* AddBookView.swift */ = {isa = PBXFileReference; lastKnownFileType = sourcecode.swift; path = AddBookView.swift; sourceTree = "<group>"; };
		42ADD7AE2490946A00256120 /* RatingView.swift */ = {isa = PBXFileReference; lastKnownFileType = sourcecode.swift; path = RatingView.swift; sourceTree = "<group>"; };
		42ADD7B0249095B900256120 /* EmojiRatingView.swift */ = {isa = PBXFileReference; lastKnownFileType = sourcecode.swift; path = EmojiRatingView.swift; sourceTree = "<group>"; };
		42ADD7B2249096E500256120 /* DetailView.swift */ = {isa = PBXFileReference; lastKnownFileType = sourcecode.swift; path = DetailView.swift; sourceTree = "<group>"; };
/* End PBXFileReference section */

/* Begin PBXFrameworksBuildPhase section */
		42ADD78F2490678D00256120 /* Frameworks */ = {
			isa = PBXFrameworksBuildPhase;
			buildActionMask = 2147483647;
			files = (
			);
			runOnlyForDeploymentPostprocessing = 0;
		};
/* End PBXFrameworksBuildPhase section */

/* Begin PBXGroup section */
		42ADD7892490678C00256120 = {
			isa = PBXGroup;
			children = (
				42ADD7942490678D00256120 /* Bookworm */,
				42ADD7932490678D00256120 /* Products */,
			);
			sourceTree = "<group>";
		};
		42ADD7932490678D00256120 /* Products */ = {
			isa = PBXGroup;
			children = (
				42ADD7922490678D00256120 /* Bookworm.app */,
			);
			name = Products;
			sourceTree = "<group>";
		};
		42ADD7942490678D00256120 /* Bookworm */ = {
			isa = PBXGroup;
			children = (
				42ADD7952490678D00256120 /* AppDelegate.swift */,
				42ADD7972490678D00256120 /* SceneDelegate.swift */,
				42ADD7B524909ADA00256120 /* Main Views */,
				42ADD79E2490678D00256120 /* Assets.xcassets */,
				42ADD7A32490678D00256120 /* LaunchScreen.storyboard */,
				42ADD7A62490678D00256120 /* Info.plist */,
				42ADD7992490678D00256120 /* Bookworm.xcdatamodeld */,
				42ADD7B424909AD200256120 /* Extra Views */,
				42ADD7A02490678D00256120 /* Preview Content */,
			);
			path = Bookworm;
			sourceTree = "<group>";
		};
		42ADD7A02490678D00256120 /* Preview Content */ = {
			isa = PBXGroup;
			children = (
				42ADD7A12490678D00256120 /* Preview Assets.xcassets */,
			);
			path = "Preview Content";
			sourceTree = "<group>";
		};
		42ADD7B424909AD200256120 /* Extra Views */ = {
			isa = PBXGroup;
			children = (
				42ADD7B0249095B900256120 /* EmojiRatingView.swift */,
				42ADD7AE2490946A00256120 /* RatingView.swift */,
			);
			path = "Extra Views";
			sourceTree = "<group>";
		};
		42ADD7B524909ADA00256120 /* Main Views */ = {
			isa = PBXGroup;
			children = (
				42ADD79C2490678D00256120 /* ContentView.swift */,
				42ADD7B2249096E500256120 /* DetailView.swift */,
				42ADD7AC24906D9E00256120 /* AddBookView.swift */,
			);
			path = "Main Views";
			sourceTree = "<group>";
		};
/* End PBXGroup section */

/* Begin PBXNativeTarget section */
		42ADD7912490678D00256120 /* Bookworm */ = {
			isa = PBXNativeTarget;
			buildConfigurationList = 42ADD7A92490678D00256120 /* Build configuration list for PBXNativeTarget "Bookworm" */;
			buildPhases = (
				42ADD78E2490678D00256120 /* Sources */,
				42ADD78F2490678D00256120 /* Frameworks */,
				42ADD7902490678D00256120 /* Resources */,
			);
			buildRules = (
			);
			dependencies = (
			);
			name = Bookworm;
			productName = Bookworm;
			productReference = 42ADD7922490678D00256120 /* Bookworm.app */;
			productType = "com.apple.product-type.application";
		};
/* End PBXNativeTarget section */

/* Begin PBXProject section */
		42ADD78A2490678C00256120 /* Project object */ = {
			isa = PBXProject;
			attributes = {
				LastSwiftUpdateCheck = 1150;
				LastUpgradeCheck = 1150;
				ORGANIZATIONNAME = "Austin Carpenter";
				TargetAttributes = {
					42ADD7912490678D00256120 = {
						CreatedOnToolsVersion = 11.5;
					};
				};
			};
			buildConfigurationList = 42ADD78D2490678C00256120 /* Build configuration list for PBXProject "Bookworm" */;
			compatibilityVersion = "Xcode 9.3";
			developmentRegion = en;
			hasScannedForEncodings = 0;
			knownRegions = (
				en,
				Base,
			);
			mainGroup = 42ADD7892490678C00256120;
			productRefGroup = 42ADD7932490678D00256120 /* Products */;
			projectDirPath = "";
			projectRoot = "";
			targets = (
				42ADD7912490678D00256120 /* Bookworm */,
			);
		};
/* End PBXProject section */

/* Begin PBXResourcesBuildPhase section */
		42ADD7902490678D00256120 /* Resources */ = {
			isa = PBXResourcesBuildPhase;
			buildActionMask = 2147483647;
			files = (
				42ADD7A52490678D00256120 /* LaunchScreen.storyboard in Resources */,
				42ADD7A22490678D00256120 /* Preview Assets.xcassets in Resources */,
				42ADD79F2490678D00256120 /* Assets.xcassets in Resources */,
			);
			runOnlyForDeploymentPostprocessing = 0;
		};
/* End PBXResourcesBuildPhase section */

/* Begin PBXSourcesBuildPhase section */
		42ADD78E2490678D00256120 /* Sources */ = {
			isa = PBXSourcesBuildPhase;
			buildActionMask = 2147483647;
			files = (
				42ADD7962490678D00256120 /* AppDelegate.swift in Sources */,
				42ADD7B3249096E500256120 /* DetailView.swift in Sources */,
				42ADD79B2490678D00256120 /* Bookworm.xcdatamodeld in Sources */,
				42ADD7B1249095B900256120 /* EmojiRatingView.swift in Sources */,
				42ADD79D2490678D00256120 /* ContentView.swift in Sources */,
				42ADD7AF2490946A00256120 /* RatingView.swift in Sources */,
				42ADD7982490678D00256120 /* SceneDelegate.swift in Sources */,
				42ADD7AD24906D9E00256120 /* AddBookView.swift in Sources */,
			);
			runOnlyForDeploymentPostprocessing = 0;
		};
/* End PBXSourcesBuildPhase section */

/* Begin PBXVariantGroup section */
		42ADD7A32490678D00256120 /* LaunchScreen.storyboard */ = {
			isa = PBXVariantGroup;
			children = (
				42ADD7A42490678D00256120 /* Base */,
			);
			name = LaunchScreen.storyboard;
			sourceTree = "<group>";
		};
/* End PBXVariantGroup section */

/* Begin XCBuildConfiguration section */
		42ADD7A72490678D00256120 /* Debug */ = {
			isa = XCBuildConfiguration;
			buildSettings = {
				ALWAYS_SEARCH_USER_PATHS = NO;
				CLANG_ANALYZER_NONNULL = YES;
				CLANG_ANALYZER_NUMBER_OBJECT_CONVERSION = YES_AGGRESSIVE;
				CLANG_CXX_LANGUAGE_STANDARD = "gnu++14";
				CLANG_CXX_LIBRARY = "libc++";
				CLANG_ENABLE_MODULES = YES;
				CLANG_ENABLE_OBJC_ARC = YES;
				CLANG_ENABLE_OBJC_WEAK = YES;
				CLANG_WARN_BLOCK_CAPTURE_AUTORELEASING = YES;
				CLANG_WARN_BOOL_CONVERSION = YES;
				CLANG_WARN_COMMA = YES;
				CLANG_WARN_CONSTANT_CONVERSION = YES;
				CLANG_WARN_DEPRECATED_OBJC_IMPLEMENTATIONS = YES;
				CLANG_WARN_DIRECT_OBJC_ISA_USAGE = YES_ERROR;
				CLANG_WARN_DOCUMENTATION_COMMENTS = YES;
				CLANG_WARN_EMPTY_BODY = YES;
				CLANG_WARN_ENUM_CONVERSION = YES;
				CLANG_WARN_INFINITE_RECURSION = YES;
				CLANG_WARN_INT_CONVERSION = YES;
				CLANG_WARN_NON_LITERAL_NULL_CONVERSION = YES;
				CLANG_WARN_OBJC_IMPLICIT_RETAIN_SELF = YES;
				CLANG_WARN_OBJC_LITERAL_CONVERSION = YES;
				CLANG_WARN_OBJC_ROOT_CLASS = YES_ERROR;
				CLANG_WARN_RANGE_LOOP_ANALYSIS = YES;
				CLANG_WARN_STRICT_PROTOTYPES = YES;
				CLANG_WARN_SUSPICIOUS_MOVE = YES;
				CLANG_WARN_UNGUARDED_AVAILABILITY = YES_AGGRESSIVE;
				CLANG_WARN_UNREACHABLE_CODE = YES;
				CLANG_WARN__DUPLICATE_METHOD_MATCH = YES;
				COPY_PHASE_STRIP = NO;
				DEBUG_INFORMATION_FORMAT = dwarf;
				ENABLE_STRICT_OBJC_MSGSEND = YES;
				ENABLE_TESTABILITY = YES;
				GCC_C_LANGUAGE_STANDARD = gnu11;
				GCC_DYNAMIC_NO_PIC = NO;
				GCC_NO_COMMON_BLOCKS = YES;
				GCC_OPTIMIZATION_LEVEL = 0;
				GCC_PREPROCESSOR_DEFINITIONS = (
					"DEBUG=1",
					"$(inherited)",
				);
				GCC_WARN_64_TO_32_BIT_CONVERSION = YES;
				GCC_WARN_ABOUT_RETURN_TYPE = YES_ERROR;
				GCC_WARN_UNDECLARED_SELECTOR = YES;
				GCC_WARN_UNINITIALIZED_AUTOS = YES_AGGRESSIVE;
				GCC_WARN_UNUSED_FUNCTION = YES;
				GCC_WARN_UNUSED_VARIABLE = YES;
				IPHONEOS_DEPLOYMENT_TARGET = 13.5;
				MTL_ENABLE_DEBUG_INFO = INCLUDE_SOURCE;
				MTL_FAST_MATH = YES;
				ONLY_ACTIVE_ARCH = YES;
				SDKROOT = iphoneos;
				SWIFT_ACTIVE_COMPILATION_CONDITIONS = DEBUG;
				SWIFT_OPTIMIZATION_LEVEL = "-Onone";
			};
			name = Debug;
		};
		42ADD7A82490678D00256120 /* Release */ = {
			isa = XCBuildConfiguration;
			buildSettings = {
				ALWAYS_SEARCH_USER_PATHS = NO;
				CLANG_ANALYZER_NONNULL = YES;
				CLANG_ANALYZER_NUMBER_OBJECT_CONVERSION = YES_AGGRESSIVE;
				CLANG_CXX_LANGUAGE_STANDARD = "gnu++14";
				CLANG_CXX_LIBRARY = "libc++";
				CLANG_ENABLE_MODULES = YES;
				CLANG_ENABLE_OBJC_ARC = YES;
				CLANG_ENABLE_OBJC_WEAK = YES;
				CLANG_WARN_BLOCK_CAPTURE_AUTORELEASING = YES;
				CLANG_WARN_BOOL_CONVERSION = YES;
				CLANG_WARN_COMMA = YES;
				CLANG_WARN_CONSTANT_CONVERSION = YES;
				CLANG_WARN_DEPRECATED_OBJC_IMPLEMENTATIONS = YES;
				CLANG_WARN_DIRECT_OBJC_ISA_USAGE = YES_ERROR;
				CLANG_WARN_DOCUMENTATION_COMMENTS = YES;
				CLANG_WARN_EMPTY_BODY = YES;
				CLANG_WARN_ENUM_CONVERSION = YES;
				CLANG_WARN_INFINITE_RECURSION = YES;
				CLANG_WARN_INT_CONVERSION = YES;
				CLANG_WARN_NON_LITERAL_NULL_CONVERSION = YES;
				CLANG_WARN_OBJC_IMPLICIT_RETAIN_SELF = YES;
				CLANG_WARN_OBJC_LITERAL_CONVERSION = YES;
				CLANG_WARN_OBJC_ROOT_CLASS = YES_ERROR;
				CLANG_WARN_RANGE_LOOP_ANALYSIS = YES;
				CLANG_WARN_STRICT_PROTOTYPES = YES;
				CLANG_WARN_SUSPICIOUS_MOVE = YES;
				CLANG_WARN_UNGUARDED_AVAILABILITY = YES_AGGRESSIVE;
				CLANG_WARN_UNREACHABLE_CODE = YES;
				CLANG_WARN__DUPLICATE_METHOD_MATCH = YES;
				COPY_PHASE_STRIP = NO;
				DEBUG_INFORMATION_FORMAT = "dwarf-with-dsym";
				ENABLE_NS_ASSERTIONS = NO;
				ENABLE_STRICT_OBJC_MSGSEND = YES;
				GCC_C_LANGUAGE_STANDARD = gnu11;
				GCC_NO_COMMON_BLOCKS = YES;
				GCC_WARN_64_TO_32_BIT_CONVERSION = YES;
				GCC_WARN_ABOUT_RETURN_TYPE = YES_ERROR;
				GCC_WARN_UNDECLARED_SELECTOR = YES;
				GCC_WARN_UNINITIALIZED_AUTOS = YES_AGGRESSIVE;
				GCC_WARN_UNUSED_FUNCTION = YES;
				GCC_WARN_UNUSED_VARIABLE = YES;
				IPHONEOS_DEPLOYMENT_TARGET = 13.5;
				MTL_ENABLE_DEBUG_INFO = NO;
				MTL_FAST_MATH = YES;
				SDKROOT = iphoneos;
				SWIFT_COMPILATION_MODE = wholemodule;
				SWIFT_OPTIMIZATION_LEVEL = "-O";
				VALIDATE_PRODUCT = YES;
			};
			name = Release;
		};
		42ADD7AA2490678D00256120 /* Debug */ = {
			isa = XCBuildConfiguration;
			buildSettings = {
				ASSETCATALOG_COMPILER_APPICON_NAME = AppIcon;
				CODE_SIGN_STYLE = Automatic;
				DEVELOPMENT_ASSET_PATHS = "\"Bookworm/Preview Content\"";
				DEVELOPMENT_TEAM = 5STSBU356J;
				ENABLE_PREVIEWS = YES;
				INFOPLIST_FILE = Bookworm/Info.plist;
				LD_RUNPATH_SEARCH_PATHS = (
					"$(inherited)",
					"@executable_path/Frameworks",
				);
				PRODUCT_BUNDLE_IDENTIFIER = com.austincarpenter.Bookworm;
				PRODUCT_NAME = "$(TARGET_NAME)";
				SWIFT_VERSION = 5.0;
				TARGETED_DEVICE_FAMILY = "1,2";
			};
			name = Debug;
		};
		42ADD7AB2490678D00256120 /* Release */ = {
			isa = XCBuildConfiguration;
			buildSettings = {
				ASSETCATALOG_COMPILER_APPICON_NAME = AppIcon;
				CODE_SIGN_STYLE = Automatic;
				DEVELOPMENT_ASSET_PATHS = "\"Bookworm/Preview Content\"";
				DEVELOPMENT_TEAM = 5STSBU356J;
				ENABLE_PREVIEWS = YES;
				INFOPLIST_FILE = Bookworm/Info.plist;
				LD_RUNPATH_SEARCH_PATHS = (
					"$(inherited)",
					"@executable_path/Frameworks",
				);
				PRODUCT_BUNDLE_IDENTIFIER = com.austincarpenter.Bookworm;
				PRODUCT_NAME = "$(TARGET_NAME)";
				SWIFT_VERSION = 5.0;
				TARGETED_DEVICE_FAMILY = "1,2";
			};
			name = Release;
		};
/* End XCBuildConfiguration section */

/* Begin XCConfigurationList section */
		42ADD78D2490678C00256120 /* Build configuration list for PBXProject "Bookworm" */ = {
			isa = XCConfigurationList;
			buildConfigurations = (
				42ADD7A72490678D00256120 /* Debug */,
				42ADD7A82490678D00256120 /* Release */,
			);
			defaultConfigurationIsVisible = 0;
			defaultConfigurationName = Release;
		};
		42ADD7A92490678D00256120 /* Build configuration list for PBXNativeTarget "Bookworm" */ = {
			isa = XCConfigurationList;
			buildConfigurations = (
				42ADD7AA2490678D00256120 /* Debug */,
				42ADD7AB2490678D00256120 /* Release */,
			);
			defaultConfigurationIsVisible = 0;
			defaultConfigurationName = Release;
		};
/* End XCConfigurationList section */

/* Begin XCVersionGroup section */
		42ADD7992490678D00256120 /* Bookworm.xcdatamodeld */ = {
			isa = XCVersionGroup;
			children = (
				42ADD79A2490678D00256120 /* Bookworm.xcdatamodel */,
			);
			currentVersion = 42ADD79A2490678D00256120 /* Bookworm.xcdatamodel */;
			path = Bookworm.xcdatamodeld;
			sourceTree = "<group>";
			versionGroupType = wrapper.xcdatamodel;
		};
/* End XCVersionGroup section */
	};
	rootObject = 42ADD78A2490678C00256120 /* Project object */;
}
